// !$*UTF8*$!
{
	archiveVersion = 1;
	classes = {
	};
	objectVersion = 46;
	objects = {

/* Begin PBXBuildFile section */
		F5C422441560BF2300F7E3EE /* UIKit.framework in Frameworks */ = {isa = PBXBuildFile; fileRef = F5C422431560BF2300F7E3EE /* UIKit.framework */; };
		F5C422461560BF2300F7E3EE /* Foundation.framework in Frameworks */ = {isa = PBXBuildFile; fileRef = F5C422451560BF2300F7E3EE /* Foundation.framework */; };
		F5C422481560BF2300F7E3EE /* CoreGraphics.framework in Frameworks */ = {isa = PBXBuildFile; fileRef = F5C422471560BF2300F7E3EE /* CoreGraphics.framework */; };
		F5C4224E1560BF2300F7E3EE /* InfoPlist.strings in Resources */ = {isa = PBXBuildFile; fileRef = F5C4224C1560BF2300F7E3EE /* InfoPlist.strings */; };
		F5C422501560BF2300F7E3EE /* main.m in Sources */ = {isa = PBXBuildFile; fileRef = F5C4224F1560BF2300F7E3EE /* main.m */; };
		F5C422541560BF2300F7E3EE /* CQMAppDelegate.m in Sources */ = {isa = PBXBuildFile; fileRef = F5C422531560BF2300F7E3EE /* CQMAppDelegate.m */; };
		F5C4225C1560BF2400F7E3EE /* SenTestingKit.framework in Frameworks */ = {isa = PBXBuildFile; fileRef = F5C4225B1560BF2400F7E3EE /* SenTestingKit.framework */; };
		F5C4225D1560BF2400F7E3EE /* UIKit.framework in Frameworks */ = {isa = PBXBuildFile; fileRef = F5C422431560BF2300F7E3EE /* UIKit.framework */; };
		F5C4225E1560BF2400F7E3EE /* Foundation.framework in Frameworks */ = {isa = PBXBuildFile; fileRef = F5C422451560BF2300F7E3EE /* Foundation.framework */; };
		F5C422661560BF2400F7E3EE /* InfoPlist.strings in Resources */ = {isa = PBXBuildFile; fileRef = F5C422641560BF2400F7E3EE /* InfoPlist.strings */; };
		F5C422691560BF2400F7E3EE /* CQMFloatingControllerTests.m in Sources */ = {isa = PBXBuildFile; fileRef = F5C422681560BF2400F7E3EE /* CQMFloatingControllerTests.m */; };
/* End PBXBuildFile section */

/* Begin PBXContainerItemProxy section */
		F5C4225F1560BF2400F7E3EE /* PBXContainerItemProxy */ = {
			isa = PBXContainerItemProxy;
			containerPortal = F5C422361560BF2300F7E3EE /* Project object */;
			proxyType = 1;
			remoteGlobalIDString = F5C4223E1560BF2300F7E3EE;
			remoteInfo = CQMFloatingController;
		};
/* End PBXContainerItemProxy section */

/* Begin PBXFileReference section */
		F5C4223F1560BF2300F7E3EE /* CQMFloatingController.app */ = {isa = PBXFileReference; explicitFileType = wrapper.application; includeInIndex = 0; path = CQMFloatingController.app; sourceTree = BUILT_PRODUCTS_DIR; };
		F5C422431560BF2300F7E3EE /* UIKit.framework */ = {isa = PBXFileReference; lastKnownFileType = wrapper.framework; name = UIKit.framework; path = System/Library/Frameworks/UIKit.framework; sourceTree = SDKROOT; };
		F5C422451560BF2300F7E3EE /* Foundation.framework */ = {isa = PBXFileReference; lastKnownFileType = wrapper.framework; name = Foundation.framework; path = System/Library/Frameworks/Foundation.framework; sourceTree = SDKROOT; };
		F5C422471560BF2300F7E3EE /* CoreGraphics.framework */ = {isa = PBXFileReference; lastKnownFileType = wrapper.framework; name = CoreGraphics.framework; path = System/Library/Frameworks/CoreGraphics.framework; sourceTree = SDKROOT; };
		F5C4224B1560BF2300F7E3EE /* CQMFloatingController-Info.plist */ = {isa = PBXFileReference; path = "CQMFloatingController-Info.plist"; sourceTree = "<group>"; };
		F5C4224D1560BF2300F7E3EE /* en */ = {isa = PBXFileReference; lastKnownFileType = text.plist.strings; name = en; path = en.lproj/InfoPlist.strings; sourceTree = "<group>"; };
		F5C4224F1560BF2300F7E3EE /* main.m */ = {isa = PBXFileReference; lastKnownFileType = sourcecode.c.objc; path = main.m; sourceTree = "<group>"; };
		F5C422511560BF2300F7E3EE /* CQMFloatingController-Prefix.pch */ = {isa = PBXFileReference; path = "CQMFloatingController-Prefix.pch"; sourceTree = "<group>"; };
		F5C422521560BF2300F7E3EE /* CQMAppDelegate.h */ = {isa = PBXFileReference; path = CQMAppDelegate.h; sourceTree = "<group>"; };
		F5C422531560BF2300F7E3EE /* CQMAppDelegate.m */ = {isa = PBXFileReference; lastKnownFileType = sourcecode.c.objc; path = CQMAppDelegate.m; sourceTree = "<group>"; };
		F5C4225A1560BF2400F7E3EE /* CQMFloatingControllerTests.octest */ = {isa = PBXFileReference; explicitFileType = wrapper.cfbundle; includeInIndex = 0; path = CQMFloatingControllerTests.octest; sourceTree = BUILT_PRODUCTS_DIR; };
		F5C4225B1560BF2400F7E3EE /* SenTestingKit.framework */ = {isa = PBXFileReference; lastKnownFileType = wrapper.framework; name = SenTestingKit.framework; path = Library/Frameworks/SenTestingKit.framework; sourceTree = DEVELOPER_DIR; };
		F5C422631560BF2400F7E3EE /* CQMFloatingControllerTests-Info.plist */ = {isa = PBXFileReference; path = "CQMFloatingControllerTests-Info.plist"; sourceTree = "<group>"; };
		F5C422651560BF2400F7E3EE /* en */ = {isa = PBXFileReference; lastKnownFileType = text.plist.strings; name = en; path = en.lproj/InfoPlist.strings; sourceTree = "<group>"; };
		F5C422671560BF2400F7E3EE /* CQMFloatingControllerTests.h */ = {isa = PBXFileReference; path = CQMFloatingControllerTests.h; sourceTree = "<group>"; };
		F5C422681560BF2400F7E3EE /* CQMFloatingControllerTests.m */ = {isa = PBXFileReference; lastKnownFileType = sourcecode.c.objc; path = CQMFloatingControllerTests.m; sourceTree = "<group>"; };
/* End PBXFileReference section */

/* Begin PBXFrameworksBuildPhase section */
		F5C4223C1560BF2300F7E3EE /* Frameworks */ = {
			isa = PBXFrameworksBuildPhase;
			buildActionMask = 2147483647;
			files = (
				F5C422441560BF2300F7E3EE /* UIKit.framework in Frameworks */,
				F5C422461560BF2300F7E3EE /* Foundation.framework in Frameworks */,
				F5C422481560BF2300F7E3EE /* CoreGraphics.framework in Frameworks */,
			);
			runOnlyForDeploymentPostprocessing = 0;
		};
		F5C422561560BF2400F7E3EE /* Frameworks */ = {
			isa = PBXFrameworksBuildPhase;
			buildActionMask = 2147483647;
			files = (
				F5C4225C1560BF2400F7E3EE /* SenTestingKit.framework in Frameworks */,
				F5C4225D1560BF2400F7E3EE /* UIKit.framework in Frameworks */,
				F5C4225E1560BF2400F7E3EE /* Foundation.framework in Frameworks */,
			);
			runOnlyForDeploymentPostprocessing = 0;
		};
/* End PBXFrameworksBuildPhase section */

/* Begin PBXGroup section */
		F5C422341560BF2300F7E3EE = {
			isa = PBXGroup;
			children = (
				F5C422491560BF2300F7E3EE /* CQMFloatingController */,
				F5C422611560BF2400F7E3EE /* CQMFloatingControllerTests */,
				F5C422421560BF2300F7E3EE /* Frameworks */,
				F5C422401560BF2300F7E3EE /* Products */,
			);
			sourceTree = "<group>";
		};
		F5C422401560BF2300F7E3EE /* Products */ = {
			isa = PBXGroup;
			children = (
				F5C4223F1560BF2300F7E3EE /* CQMFloatingController.app */,
				F5C4225A1560BF2400F7E3EE /* CQMFloatingControllerTests.octest */,
			);
			name = Products;
			sourceTree = "<group>";
		};
		F5C422421560BF2300F7E3EE /* Frameworks */ = {
			isa = PBXGroup;
			children = (
				F5C422431560BF2300F7E3EE /* UIKit.framework */,
				F5C422451560BF2300F7E3EE /* Foundation.framework */,
				F5C422471560BF2300F7E3EE /* CoreGraphics.framework */,
				F5C4225B1560BF2400F7E3EE /* SenTestingKit.framework */,
			);
			name = Frameworks;
			sourceTree = "<group>";
		};
		F5C422491560BF2300F7E3EE /* CQMFloatingController */ = {
			isa = PBXGroup;
			children = (
				F5C422521560BF2300F7E3EE /* CQMAppDelegate.h */,
				F5C422531560BF2300F7E3EE /* CQMAppDelegate.m */,
				F5C4224A1560BF2300F7E3EE /* Supporting Files */,
			);
			path = CQMFloatingController;
			sourceTree = "<group>";
		};
		F5C4224A1560BF2300F7E3EE /* Supporting Files */ = {
			isa = PBXGroup;
			children = (
				F5C4224B1560BF2300F7E3EE /* CQMFloatingController-Info.plist */,
				F5C4224C1560BF2300F7E3EE /* InfoPlist.strings */,
				F5C4224F1560BF2300F7E3EE /* main.m */,
				F5C422511560BF2300F7E3EE /* CQMFloatingController-Prefix.pch */,
			);
			name = "Supporting Files";
			sourceTree = "<group>";
		};
		F5C422611560BF2400F7E3EE /* CQMFloatingControllerTests */ = {
			isa = PBXGroup;
			children = (
				F5C422671560BF2400F7E3EE /* CQMFloatingControllerTests.h */,
				F5C422681560BF2400F7E3EE /* CQMFloatingControllerTests.m */,
				F5C422621560BF2400F7E3EE /* Supporting Files */,
			);
			path = CQMFloatingControllerTests;
			sourceTree = "<group>";
		};
		F5C422621560BF2400F7E3EE /* Supporting Files */ = {
			isa = PBXGroup;
			children = (
				F5C422631560BF2400F7E3EE /* CQMFloatingControllerTests-Info.plist */,
				F5C422641560BF2400F7E3EE /* InfoPlist.strings */,
			);
			name = "Supporting Files";
			sourceTree = "<group>";
		};
/* End PBXGroup section */

/* Begin PBXNativeTarget section */
		F5C4223E1560BF2300F7E3EE /* CQMFloatingController */ = {
			isa = PBXNativeTarget;
			buildConfigurationList = F5C4226C1560BF2400F7E3EE /* Build configuration list for PBXNativeTarget "CQMFloatingController" */;
			buildPhases = (
				F5C4223B1560BF2300F7E3EE /* Sources */,
				F5C4223C1560BF2300F7E3EE /* Frameworks */,
				F5C4223D1560BF2300F7E3EE /* Resources */,
			);
			buildRules = (
			);
			dependencies = (
			);
			name = CQMFloatingController;
			productName = CQMFloatingController;
			productReference = F5C4223F1560BF2300F7E3EE /* CQMFloatingController.app */;
			productType = "com.apple.product-type.application";
		};
		F5C422591560BF2400F7E3EE /* CQMFloatingControllerTests */ = {
			isa = PBXNativeTarget;
			buildConfigurationList = F5C4226F1560BF2400F7E3EE /* Build configuration list for PBXNativeTarget "CQMFloatingControllerTests" */;
			buildPhases = (
				F5C422551560BF2400F7E3EE /* Sources */,
				F5C422561560BF2400F7E3EE /* Frameworks */,
				F5C422571560BF2400F7E3EE /* Resources */,
				F5C422581560BF2400F7E3EE /* ShellScript */,
			);
			buildRules = (
			);
			dependencies = (
				F5C422601560BF2400F7E3EE /* PBXTargetDependency */,
			);
			name = CQMFloatingControllerTests;
			productName = CQMFloatingControllerTests;
			productReference = F5C4225A1560BF2400F7E3EE /* CQMFloatingControllerTests.octest */;
			productType = "com.apple.product-type.bundle";
		};
/* End PBXNativeTarget section */

/* Begin PBXProject section */
		F5C422361560BF2300F7E3EE /* Project object */ = {
			isa = PBXProject;
			attributes = {
				CLASSPREFIX = CQM;
				LastUpgradeCheck = 0430;
			};
			buildConfigurationList = F5C422391560BF2300F7E3EE /* Build configuration list for PBXProject "CQMFloatingController" */;
			compatibilityVersion = "Xcode 3.2";
			developmentRegion = English;
			hasScannedForEncodings = 0;
			knownRegions = (
				en,
			);
			mainGroup = F5C422341560BF2300F7E3EE;
			productRefGroup = F5C422401560BF2300F7E3EE /* Products */;
			projectDirPath = "";
			projectRoot = "";
			targets = (
				F5C4223E1560BF2300F7E3EE /* CQMFloatingController */,
				F5C422591560BF2400F7E3EE /* CQMFloatingControllerTests */,
			);
		};
/* End PBXProject section */

/* Begin PBXResourcesBuildPhase section */
		F5C4223D1560BF2300F7E3EE /* Resources */ = {
			isa = PBXResourcesBuildPhase;
			buildActionMask = 2147483647;
			files = (
				F5C4224E1560BF2300F7E3EE /* InfoPlist.strings in Resources */,
			);
			runOnlyForDeploymentPostprocessing = 0;
		};
		F5C422571560BF2400F7E3EE /* Resources */ = {
			isa = PBXResourcesBuildPhase;
			buildActionMask = 2147483647;
			files = (
				F5C422661560BF2400F7E3EE /* InfoPlist.strings in Resources */,
			);
			runOnlyForDeploymentPostprocessing = 0;
		};
/* End PBXResourcesBuildPhase section */

/* Begin PBXShellScriptBuildPhase section */
		F5C422581560BF2400F7E3EE /* ShellScript */ = {
			isa = PBXShellScriptBuildPhase;
			buildActionMask = 2147483647;
			files = (
			);
			inputPaths = (
			);
			outputPaths = (
			);
			runOnlyForDeploymentPostprocessing = 0;
			shellPath = /bin/sh;
			shellScript = "# Run the unit tests in this test bundle.\n\"${SYSTEM_DEVELOPER_DIR}/Tools/RunUnitTests\"\n";
		};
/* End PBXShellScriptBuildPhase section */

/* Begin PBXSourcesBuildPhase section */
		F5C4223B1560BF2300F7E3EE /* Sources */ = {
			isa = PBXSourcesBuildPhase;
			buildActionMask = 2147483647;
			files = (
				F5C422501560BF2300F7E3EE /* main.m in Sources */,
				F5C422541560BF2300F7E3EE /* CQMAppDelegate.m in Sources */,
			);
			runOnlyForDeploymentPostprocessing = 0;
		};
		F5C422551560BF2400F7E3EE /* Sources */ = {
			isa = PBXSourcesBuildPhase;
			buildActionMask = 2147483647;
			files = (
				F5C422691560BF2400F7E3EE /* CQMFloatingControllerTests.m in Sources */,
			);
			runOnlyForDeploymentPostprocessing = 0;
		};
/* End PBXSourcesBuildPhase section */

/* Begin PBXTargetDependency section */
		F5C422601560BF2400F7E3EE /* PBXTargetDependency */ = {
			isa = PBXTargetDependency;
			target = F5C4223E1560BF2300F7E3EE /* CQMFloatingController */;
			targetProxy = F5C4225F1560BF2400F7E3EE /* PBXContainerItemProxy */;
		};
/* End PBXTargetDependency section */

/* Begin PBXVariantGroup section */
		F5C4224C1560BF2300F7E3EE /* InfoPlist.strings */ = {
			isa = PBXVariantGroup;
			children = (
				F5C4224D1560BF2300F7E3EE /* en */,
			);
			name = InfoPlist.strings;
			sourceTree = "<group>";
		};
		F5C422641560BF2400F7E3EE /* InfoPlist.strings */ = {
			isa = PBXVariantGroup;
			children = (
				F5C422651560BF2400F7E3EE /* en */,
			);
			name = InfoPlist.strings;
			sourceTree = "<group>";
		};
/* End PBXVariantGroup section */

/* Begin XCBuildConfiguration section */
		F5C4226A1560BF2400F7E3EE /* Debug */ = {
			isa = XCBuildConfiguration;
			buildSettings = {
				ALWAYS_SEARCH_USER_PATHS = NO;
				ARCHS = "$(ARCHS_STANDARD_32_BIT)";
				"CODE_SIGN_IDENTITY[sdk=iphoneos*]" = "iPhone Developer";
				COPY_PHASE_STRIP = NO;
				GCC_C_LANGUAGE_STANDARD = gnu99;
				GCC_DYNAMIC_NO_PIC = NO;
				GCC_OPTIMIZATION_LEVEL = 0;
				GCC_PREPROCESSOR_DEFINITIONS = (
					"DEBUG=1",
					"$(inherited)",
				);
				GCC_SYMBOLS_PRIVATE_EXTERN = NO;
				GCC_VERSION = com.apple.compilers.llvm.clang.1_0;
				GCC_WARN_ABOUT_RETURN_TYPE = YES;
				GCC_WARN_UNINITIALIZED_AUTOS = YES;
				GCC_WARN_UNUSED_VARIABLE = YES;
				IPHONEOS_DEPLOYMENT_TARGET = 5.1;
				SDKROOT = iphoneos;
			};
			name = Debug;
		};
		F5C4226B1560BF2400F7E3EE /* Release */ = {
			isa = XCBuildConfiguration;
			buildSettings = {
				ALWAYS_SEARCH_USER_PATHS = NO;
				ARCHS = "$(ARCHS_STANDARD_32_BIT)";
				"CODE_SIGN_IDENTITY[sdk=iphoneos*]" = "iPhone Developer";
				COPY_PHASE_STRIP = YES;
				GCC_C_LANGUAGE_STANDARD = gnu99;
				GCC_VERSION = com.apple.compilers.llvm.clang.1_0;
				GCC_WARN_ABOUT_RETURN_TYPE = YES;
				GCC_WARN_UNINITIALIZED_AUTOS = YES;
				GCC_WARN_UNUSED_VARIABLE = YES;
				IPHONEOS_DEPLOYMENT_TARGET = 5.1;
				OTHER_CFLAGS = "-DNS_BLOCK_ASSERTIONS=1";
				SDKROOT = iphoneos;
				VALIDATE_PRODUCT = YES;
			};
			name = Release;
		};
		F5C4226D1560BF2400F7E3EE /* Debug */ = {
			isa = XCBuildConfiguration;
			buildSettings = {
				GCC_PRECOMPILE_PREFIX_HEADER = YES;
				GCC_PREFIX_HEADER = "CQMFloatingController/CQMFloatingController-Prefix.pch";
				INFOPLIST_FILE = "CQMFloatingController/CQMFloatingController-Info.plist";
				PRODUCT_NAME = "$(TARGET_NAME)";
				WRAPPER_EXTENSION = app;
			};
			name = Debug;
		};
		F5C4226E1560BF2400F7E3EE /* Release */ = {
			isa = XCBuildConfiguration;
			buildSettings = {
				GCC_PRECOMPILE_PREFIX_HEADER = YES;
				GCC_PREFIX_HEADER = "CQMFloatingController/CQMFloatingController-Prefix.pch";
				INFOPLIST_FILE = "CQMFloatingController/CQMFloatingController-Info.plist";
				PRODUCT_NAME = "$(TARGET_NAME)";
				WRAPPER_EXTENSION = app;
			};
			name = Release;
		};
		F5C422701560BF2400F7E3EE /* Debug */ = {
			isa = XCBuildConfiguration;
			buildSettings = {
				BUNDLE_LOADER = "$(BUILT_PRODUCTS_DIR)/CQMFloatingController.app/CQMFloatingController";
				FRAMEWORK_SEARCH_PATHS = (
					"$(SDKROOT)/Developer/Library/Frameworks",
					"$(DEVELOPER_LIBRARY_DIR)/Frameworks",
				);
				GCC_PRECOMPILE_PREFIX_HEADER = YES;
				GCC_PREFIX_HEADER = "CQMFloatingController/CQMFloatingController-Prefix.pch";
				INFOPLIST_FILE = "CQMFloatingControllerTests/CQMFloatingControllerTests-Info.plist";
				PRODUCT_NAME = "$(TARGET_NAME)";
				TEST_HOST = "$(BUNDLE_LOADER)";
				WRAPPER_EXTENSION = octest;
			};
			name = Debug;
		};
		F5C422711560BF2400F7E3EE /* Release */ = {
			isa = XCBuildConfiguration;
			buildSettings = {
				BUNDLE_LOADER = "$(BUILT_PRODUCTS_DIR)/CQMFloatingController.app/CQMFloatingController";
				FRAMEWORK_SEARCH_PATHS = (
					"$(SDKROOT)/Developer/Library/Frameworks",
					"$(DEVELOPER_LIBRARY_DIR)/Frameworks",
				);
				GCC_PRECOMPILE_PREFIX_HEADER = YES;
				GCC_PREFIX_HEADER = "CQMFloatingController/CQMFloatingController-Prefix.pch";
				INFOPLIST_FILE = "CQMFloatingControllerTests/CQMFloatingControllerTests-Info.plist";
				PRODUCT_NAME = "$(TARGET_NAME)";
				TEST_HOST = "$(BUNDLE_LOADER)";
				WRAPPER_EXTENSION = octest;
			};
			name = Release;
		};
/* End XCBuildConfiguration section */

/* Begin XCConfigurationList section */
		F5C422391560BF2300F7E3EE /* Build configuration list for PBXProject "CQMFloatingController" */ = {
			isa = XCConfigurationList;
			buildConfigurations = (
				F5C4226A1560BF2400F7E3EE /* Debug */,
				F5C4226B1560BF2400F7E3EE /* Release */,
			);
			defaultConfigurationIsVisible = 0;
			defaultConfigurationName = Release;
		};
		F5C4226C1560BF2400F7E3EE /* Build configuration list for PBXNativeTarget "CQMFloatingController" */ = {
			isa = XCConfigurationList;
			buildConfigurations = (
				F5C4226D1560BF2400F7E3EE /* Debug */,
				F5C4226E1560BF2400F7E3EE /* Release */,
			);
			defaultConfigurationIsVisible = 0;
		};
		F5C4226F1560BF2400F7E3EE /* Build configuration list for PBXNativeTarget "CQMFloatingControllerTests" */ = {
			isa = XCConfigurationList;
			buildConfigurations = (
				F5C422701560BF2400F7E3EE /* Debug */,
				F5C422711560BF2400F7E3EE /* Release */,
			);
			defaultConfigurationIsVisible = 0;
		};
/* End XCConfigurationList section */
	};
	rootObject = F5C422361560BF2300F7E3EE /* Project object */;
}
